
Microsoft Visual Studio Solution File, Format Version 12.00
# Visual Studio Version 17
VisualStudioVersion = 17.1.31911.260
MinimumVisualStudioVersion = 10.0.40219.1
Project("{FAE04EC0-301F-11D3-BF4B-00C04F79EFBC}") = "conformance_creation", "conformance_creation\conformance_creation.csproj", "{6DBB792B-FEEC-4A31-B4E9-6B8F34987EA7}"
EndProject
Global
	GlobalSection(SolutionConfigurationPlatforms) = preSolution
		Debug|Any CPU = Debug|Any CPU
		Release|Any CPU = Release|Any CPU
	EndGlobalSection
	GlobalSection(ProjectConfigurationPlatforms) = postSolution
		{6DBB792B-FEEC-4A31-B4E9-6B8F34987EA7}.Debug|Any CPU.ActiveCfg = Debug|Any CPU
		{6DBB792B-FEEC-4A31-B4E9-6B8F34987EA7}.Debug|Any CPU.Build.0 = Debug|Any CPU
		{6DBB792B-FEEC-4A31-B4E9-6B8F34987EA7}.Release|Any CPU.ActiveCfg = Release|Any CPU
		{6DBB792B-FEEC-4A31-B4E9-6B8F34987EA7}.Release|Any CPU.Build.0 = Release|Any CPU
	EndGlobalSection
	GlobalSection(SolutionProperties) = preSolution
		HideSolutionNode = FALSE
	EndGlobalSection
	GlobalSection(ExtensibilityGlobals) = postSolution
		SolutionGuid = {B6F850F8-C1C9-4F5F-A81D-2CB5D182FF65}
	EndGlobalSection
EndGlobal
