
Microsoft Visual Studio Solution File, Format Version 12.00
# Visual Studio Version 17
VisualStudioVersion = 17.1.31911.260
MinimumVisualStudioVersion = 10.0.40219.1
Project("{FAE04EC0-301F-11D3-BF4B-00C04F79EFBC}") = "Pdf_4e_conformance", "Pdf_4e_conformance\Pdf_4e_conformance.csproj", "{DE74FD94-76AC-4C3E-8169-540DC4BDC12A}"
EndProject
Global
	GlobalSection(SolutionConfigurationPlatforms) = preSolution
		Debug|Any CPU = Debug|Any CPU
		Release|Any CPU = Release|Any CPU
	EndGlobalSection
	GlobalSection(ProjectConfigurationPlatforms) = postSolution
		{DE74FD94-76AC-4C3E-8169-540DC4BDC12A}.Debug|Any CPU.ActiveCfg = Debug|Any CPU
		{DE74FD94-76AC-4C3E-8169-540DC4BDC12A}.Debug|Any CPU.Build.0 = Debug|Any CPU
		{DE74FD94-76AC-4C3E-8169-540DC4BDC12A}.Release|Any CPU.ActiveCfg = Release|Any CPU
		{DE74FD94-76AC-4C3E-8169-540DC4BDC12A}.Release|Any CPU.Build.0 = Release|Any CPU
	EndGlobalSection
	GlobalSection(SolutionProperties) = preSolution
		HideSolutionNode = FALSE
	EndGlobalSection
	GlobalSection(ExtensibilityGlobals) = postSolution
		SolutionGuid = {ACF58268-5E67-477E-82A8-F9B17FF6781B}
	EndGlobalSection
EndGlobal
